
Microsoft Visual Studio Solution File, Format Version 12.00
# Visual Studio 14
VisualStudioVersion = 14.0.25420.1
MinimumVisualStudioVersion = 10.0.40219.1
Project("{FAE04EC0-301F-11D3-BF4B-00C04F79EFBC}") = "ProjektKomunikacja", "ProjektKomunikacja\ProjektKomunikacja.csproj", "{EA82CE5E-39A5-4F5B-9155-39BB3EC0FE78}"
EndProject
Project("{54435603-DBB4-11D2-8724-00A0C9A8B90C}") = "ProjektKCK", "ProjektKCK\ProjektKCK.vdproj", "{639660F7-8F92-4DEA-8114-6E42BA53263A}"
EndProject
Global
	GlobalSection(SolutionConfigurationPlatforms) = preSolution
		Debug|Any CPU = Debug|Any CPU
		Release|Any CPU = Release|Any CPU
	EndGlobalSection
	GlobalSection(ProjectConfigurationPlatforms) = postSolution
		{EA82CE5E-39A5-4F5B-9155-39BB3EC0FE78}.Debug|Any CPU.ActiveCfg = Debug|Any CPU
		{EA82CE5E-39A5-4F5B-9155-39BB3EC0FE78}.Debug|Any CPU.Build.0 = Debug|Any CPU
		{EA82CE5E-39A5-4F5B-9155-39BB3EC0FE78}.Release|Any CPU.ActiveCfg = Release|Any CPU
		{EA82CE5E-39A5-4F5B-9155-39BB3EC0FE78}.Release|Any CPU.Build.0 = Release|Any CPU
		{639660F7-8F92-4DEA-8114-6E42BA53263A}.Debug|Any CPU.ActiveCfg = Debug
		{639660F7-8F92-4DEA-8114-6E42BA53263A}.Release|Any CPU.ActiveCfg = Release
	EndGlobalSection
	GlobalSection(SolutionProperties) = preSolution
		HideSolutionNode = FALSE
	EndGlobalSection
EndGlobal
